
Microsoft Visual Studio Solution File, Format Version 12.00
# Visual Studio Version 16
VisualStudioVersion = 16.0.31321.278
MinimumVisualStudioVersion = 10.0.40219.1
Project("{2150E333-8FDC-42A3-9474-1A3956D46DE8}") = "ShopManagement", "ShopManagement", "{D4356BAF-BF20-4865-A523-3685E25FF07A}"
EndProject
Project("{2150E333-8FDC-42A3-9474-1A3956D46DE8}") = "SM.Domain", "SM.Domain", "{17B1409E-86BA-4577-81AD-0777ED3D7C5F}"
EndProject
Project("{9A19103F-16F7-4668-BE54-9A1E7A4F7556}") = "0_Framework", "0_Framework\0_Framework.csproj", "{4F90E824-36BD-4E0F-8E54-FAE905260E62}"
EndProject
Project("{9A19103F-16F7-4668-BE54-9A1E7A4F7556}") = "ShopManagement.Domain", "ShopManagement.Domain\ShopManagement.Domain.csproj", "{CA6AC574-EFB2-4EBA-9906-4B627A5CC901}"
EndProject
Project("{2150E333-8FDC-42A3-9474-1A3956D46DE8}") = "SM.Application", "SM.Application", "{62E4D153-015E-44EA-A12F-7E389EDD19D1}"
EndProject
Project("{9A19103F-16F7-4668-BE54-9A1E7A4F7556}") = "ShopManagement.Application.Contracts", "ShopManagement.Application.Contracts\ShopManagement.Application.Contracts.csproj", "{9458C965-2897-4C4A-9CEE-A59C0C4F8F81}"
EndProject
Project("{2150E333-8FDC-42A3-9474-1A3956D46DE8}") = "SM.Infrastructure", "SM.Infrastructure", "{68CF9948-8C53-408B-9CA6-BB56D25BB035}"
EndProject
Project("{9A19103F-16F7-4668-BE54-9A1E7A4F7556}") = "ShopManagement.Infrastructure.EFCore", "ShopManagement.Infrastructure.EFCore\ShopManagement.Infrastructure.EFCore.csproj", "{55713966-8F0D-483B-8D1C-5D729498AFD3}"
EndProject
Project("{9A19103F-16F7-4668-BE54-9A1E7A4F7556}") = "ShopManagement.Application", "ShopManagement.Application\ShopManagement.Application.csproj", "{3C31829A-2518-41C8-A68F-88451DCC2DBC}"
EndProject
Project("{9A19103F-16F7-4668-BE54-9A1E7A4F7556}") = "ShopManagement.Infrastructure.Configuration", "ShopManagement.Infrastructure.Configuration\ShopManagement.Infrastructure.Configuration.csproj", "{455418B3-9755-40B4-AF26-686205D9792B}"
EndProject
Project("{9A19103F-16F7-4668-BE54-9A1E7A4F7556}") = "ServiceHost", "ServiceHost\ServiceHost.csproj", "{84334C76-53BB-47B7-ABE5-C93CE26E8954}"
EndProject
Project("{2150E333-8FDC-42A3-9474-1A3956D46DE8}") = "DiscountManagement", "DiscountManagement", "{04401F06-FBFD-473C-B528-38ECAD27D496}"
EndProject
Project("{2150E333-8FDC-42A3-9474-1A3956D46DE8}") = "DM.Domain", "DM.Domain", "{E80C0363-6A00-4C82-AB4F-C887AEB443BB}"
EndProject
Project("{9A19103F-16F7-4668-BE54-9A1E7A4F7556}") = "DiscountManagement.Domain", "DiscountManagement.Domain\DiscountManagement.Domain.csproj", "{7FF2AAD4-1FE0-443B-9E72-21E5BF0F1F0A}"
EndProject
Project("{2150E333-8FDC-42A3-9474-1A3956D46DE8}") = "DM.Application", "DM.Application", "{05027A80-FB45-42A0-87DD-2D974EB805C7}"
EndProject
Project("{9A19103F-16F7-4668-BE54-9A1E7A4F7556}") = "DiscountManagement.Application.Contracts", "DiscountManagement.Application.Contracts\DiscountManagement.Application.Contracts.csproj", "{5AF35674-BF7F-4A03-A18F-D1C56123D0F0}"
EndProject
Project("{2150E333-8FDC-42A3-9474-1A3956D46DE8}") = "DM.Infrastructure", "DM.Infrastructure", "{3CC6599A-3F46-4EC2-ABA1-45509487B082}"
EndProject
Project("{9A19103F-16F7-4668-BE54-9A1E7A4F7556}") = "DiscountManagement.Infrastructure.EFCore", "DiscountManagement.Infrastructure\DiscountManagement.Infrastructure.EFCore.csproj", "{D097480F-3123-4EDF-8C64-7E38D94E7334}"
EndProject
Project("{9A19103F-16F7-4668-BE54-9A1E7A4F7556}") = "DiscountManagement.Application", "DiscountManagement.Application\DiscountManagement.Application.csproj", "{DDDA9CDA-BBFF-494D-939F-F1B0C6AC90D9}"
EndProject
Project("{9A19103F-16F7-4668-BE54-9A1E7A4F7556}") = "DiscountManagement.Infrastructure.Configuration", "DiscountManagement.Infrastructure.Configuration\DiscountManagement.Infrastructure.Configuration.csproj", "{F25FBFCA-F88B-4662-80D6-582ECB3F63D4}"
EndProject
Project("{2150E333-8FDC-42A3-9474-1A3956D46DE8}") = "InventoryManagement", "InventoryManagement", "{C76EFBCE-C6D8-4D2A-B53F-566A41176048}"
EndProject
Project("{2150E333-8FDC-42A3-9474-1A3956D46DE8}") = "IM.Domain", "IM.Domain", "{2F56BEFA-E72B-4F76-90D3-1021289FA942}"
EndProject
Project("{9A19103F-16F7-4668-BE54-9A1E7A4F7556}") = "InventoryManagement.Domain", "InventoryManagement.Domain\InventoryManagement.Domain.csproj", "{A7703D37-71C0-4DEC-96B3-E668927740C8}"
EndProject
Project("{2150E333-8FDC-42A3-9474-1A3956D46DE8}") = "IM.Application", "IM.Application", "{64BDDB4B-72E0-4174-AA6A-5ABB90D33712}"
EndProject
Project("{9A19103F-16F7-4668-BE54-9A1E7A4F7556}") = "InventoryManagement.Application.Contracts", "InventoryManagement.Application.Contracts\InventoryManagement.Application.Contracts.csproj", "{D145449C-EBC9-4DBF-BC56-49B6B385FC59}"
EndProject
Project("{2150E333-8FDC-42A3-9474-1A3956D46DE8}") = "IM.Infrastructure", "IM.Infrastructure", "{40281A4F-8F62-4B04-B72E-7164CAE0398F}"
EndProject
Project("{9A19103F-16F7-4668-BE54-9A1E7A4F7556}") = "InventoryManagement.Infrastructure.EFCore", "InventoryManagement.Inventory.EFCore\InventoryManagement.Infrastructure.EFCore.csproj", "{2DA15C67-FE8F-44A4-8EFF-8AFF919CC438}"
EndProject
Project("{9A19103F-16F7-4668-BE54-9A1E7A4F7556}") = "InventoryManagement.Application", "InventoryManagement.Application\InventoryManagement.Application.csproj", "{08A1331E-CF60-4605-A900-39D86645B92C}"
EndProject
Project("{9A19103F-16F7-4668-BE54-9A1E7A4F7556}") = "InventoryManagement.Infrastructure.Configuration", "InventoryManagement.Infrastructure.Configuration\InventoryManagement.Infrastructure.Configuration.csproj", "{2BFE75E4-C22B-43E8-8200-787909DD7185}"
EndProject
Project("{2150E333-8FDC-42A3-9474-1A3956D46DE8}") = "BlogManagement", "BlogManagement", "{BC5701E8-87CA-49A7-809F-5FA713692CBF}"
EndProject
Project("{2150E333-8FDC-42A3-9474-1A3956D46DE8}") = "BM.Domain", "BM.Domain", "{5A0D934D-9ACF-4B6F-B930-6E0B0AFC3B9D}"
EndProject
Project("{9A19103F-16F7-4668-BE54-9A1E7A4F7556}") = "BlogManagement.Domain", "BlogManagement.Domain\BlogManagement.Domain.csproj", "{363633C4-9047-48ED-AABB-25823016BFF9}"
EndProject
Project("{2150E333-8FDC-42A3-9474-1A3956D46DE8}") = "BM.Application", "BM.Application", "{E528E673-B694-46C2-AA76-72BE22462B98}"
EndProject
Project("{9A19103F-16F7-4668-BE54-9A1E7A4F7556}") = "BlogManagement.Application.Contracts", "BlogManagement.Application.Contracts\BlogManagement.Application.Contracts.csproj", "{7D03E940-9440-4DED-AEDE-5A461D570530}"
EndProject
Project("{2150E333-8FDC-42A3-9474-1A3956D46DE8}") = "BM.Infrastructure", "BM.Infrastructure", "{E847DAAF-A52F-4CB7-B0B3-5817DB09BDD5}"
EndProject
Project("{9A19103F-16F7-4668-BE54-9A1E7A4F7556}") = "BlogManagement.Infrastructure.EFCore", "BlogManagement.Infrastructure.EFCore\BlogManagement.Infrastructure.EFCore.csproj", "{D0EAE42B-9823-4ACD-9081-CC36F9FAACB7}"
EndProject
Project("{9A19103F-16F7-4668-BE54-9A1E7A4F7556}") = "BlogManagement.Application", "BlogManagement.Application\BlogManagement.Application.csproj", "{BDE69A95-5A12-4886-AED4-11943DECA0FC}"
EndProject
Project("{9A19103F-16F7-4668-BE54-9A1E7A4F7556}") = "BlogManagement.Infrastructure.Configuration", "BlogManagement.Infrastructure.Configuration\BlogManagement.Infrastructure.Configuration.csproj", "{6CAD9AAA-63D7-42ED-945A-C30E5E873B3C}"
EndProject
Project("{FAE04EC0-301F-11D3-BF4B-00C04F79EFBC}") = "01_FashionStoreQuery", "01_FashionStoreQuery\01_FashionStoreQuery.csproj", "{4B34A479-05C1-44A7-9F90-34413821AD41}"
EndProject
Global
	GlobalSection(SolutionConfigurationPlatforms) = preSolution
		Debug|Any CPU = Debug|Any CPU
		Release|Any CPU = Release|Any CPU
	EndGlobalSection
	GlobalSection(ProjectConfigurationPlatforms) = postSolution
		{4F90E824-36BD-4E0F-8E54-FAE905260E62}.Debug|Any CPU.ActiveCfg = Debug|Any CPU
		{4F90E824-36BD-4E0F-8E54-FAE905260E62}.Debug|Any CPU.Build.0 = Debug|Any CPU
		{4F90E824-36BD-4E0F-8E54-FAE905260E62}.Release|Any CPU.ActiveCfg = Release|Any CPU
		{4F90E824-36BD-4E0F-8E54-FAE905260E62}.Release|Any CPU.Build.0 = Release|Any CPU
		{CA6AC574-EFB2-4EBA-9906-4B627A5CC901}.Debug|Any CPU.ActiveCfg = Debug|Any CPU
		{CA6AC574-EFB2-4EBA-9906-4B627A5CC901}.Debug|Any CPU.Build.0 = Debug|Any CPU
		{CA6AC574-EFB2-4EBA-9906-4B627A5CC901}.Release|Any CPU.ActiveCfg = Release|Any CPU
		{CA6AC574-EFB2-4EBA-9906-4B627A5CC901}.Release|Any CPU.Build.0 = Release|Any CPU
		{9458C965-2897-4C4A-9CEE-A59C0C4F8F81}.Debug|Any CPU.ActiveCfg = Debug|Any CPU
		{9458C965-2897-4C4A-9CEE-A59C0C4F8F81}.Debug|Any CPU.Build.0 = Debug|Any CPU
		{9458C965-2897-4C4A-9CEE-A59C0C4F8F81}.Release|Any CPU.ActiveCfg = Release|Any CPU
		{9458C965-2897-4C4A-9CEE-A59C0C4F8F81}.Release|Any CPU.Build.0 = Release|Any CPU
		{55713966-8F0D-483B-8D1C-5D729498AFD3}.Debug|Any CPU.ActiveCfg = Debug|Any CPU
		{55713966-8F0D-483B-8D1C-5D729498AFD3}.Debug|Any CPU.Build.0 = Debug|Any CPU
		{55713966-8F0D-483B-8D1C-5D729498AFD3}.Release|Any CPU.ActiveCfg = Release|Any CPU
		{55713966-8F0D-483B-8D1C-5D729498AFD3}.Release|Any CPU.Build.0 = Release|Any CPU
		{3C31829A-2518-41C8-A68F-88451DCC2DBC}.Debug|Any CPU.ActiveCfg = Debug|Any CPU
		{3C31829A-2518-41C8-A68F-88451DCC2DBC}.Debug|Any CPU.Build.0 = Debug|Any CPU
		{3C31829A-2518-41C8-A68F-88451DCC2DBC}.Release|Any CPU.ActiveCfg = Release|Any CPU
		{3C31829A-2518-41C8-A68F-88451DCC2DBC}.Release|Any CPU.Build.0 = Release|Any CPU
		{455418B3-9755-40B4-AF26-686205D9792B}.Debug|Any CPU.ActiveCfg = Debug|Any CPU
		{455418B3-9755-40B4-AF26-686205D9792B}.Debug|Any CPU.Build.0 = Debug|Any CPU
		{455418B3-9755-40B4-AF26-686205D9792B}.Release|Any CPU.ActiveCfg = Release|Any CPU
		{455418B3-9755-40B4-AF26-686205D9792B}.Release|Any CPU.Build.0 = Release|Any CPU
		{84334C76-53BB-47B7-ABE5-C93CE26E8954}.Debug|Any CPU.ActiveCfg = Debug|Any CPU
		{84334C76-53BB-47B7-ABE5-C93CE26E8954}.Debug|Any CPU.Build.0 = Debug|Any CPU
		{84334C76-53BB-47B7-ABE5-C93CE26E8954}.Release|Any CPU.ActiveCfg = Release|Any CPU
		{84334C76-53BB-47B7-ABE5-C93CE26E8954}.Release|Any CPU.Build.0 = Release|Any CPU
		{7FF2AAD4-1FE0-443B-9E72-21E5BF0F1F0A}.Debug|Any CPU.ActiveCfg = Debug|Any CPU
		{7FF2AAD4-1FE0-443B-9E72-21E5BF0F1F0A}.Debug|Any CPU.Build.0 = Debug|Any CPU
		{7FF2AAD4-1FE0-443B-9E72-21E5BF0F1F0A}.Release|Any CPU.ActiveCfg = Release|Any CPU
		{7FF2AAD4-1FE0-443B-9E72-21E5BF0F1F0A}.Release|Any CPU.Build.0 = Release|Any CPU
		{5AF35674-BF7F-4A03-A18F-D1C56123D0F0}.Debug|Any CPU.ActiveCfg = Debug|Any CPU
		{5AF35674-BF7F-4A03-A18F-D1C56123D0F0}.Debug|Any CPU.Build.0 = Debug|Any CPU
		{5AF35674-BF7F-4A03-A18F-D1C56123D0F0}.Release|Any CPU.ActiveCfg = Release|Any CPU
		{5AF35674-BF7F-4A03-A18F-D1C56123D0F0}.Release|Any CPU.Build.0 = Release|Any CPU
		{D097480F-3123-4EDF-8C64-7E38D94E7334}.Debug|Any CPU.ActiveCfg = Debug|Any CPU
		{D097480F-3123-4EDF-8C64-7E38D94E7334}.Debug|Any CPU.Build.0 = Debug|Any CPU
		{D097480F-3123-4EDF-8C64-7E38D94E7334}.Release|Any CPU.ActiveCfg = Release|Any CPU
		{D097480F-3123-4EDF-8C64-7E38D94E7334}.Release|Any CPU.Build.0 = Release|Any CPU
		{DDDA9CDA-BBFF-494D-939F-F1B0C6AC90D9}.Debug|Any CPU.ActiveCfg = Debug|Any CPU
		{DDDA9CDA-BBFF-494D-939F-F1B0C6AC90D9}.Debug|Any CPU.Build.0 = Debug|Any CPU
		{DDDA9CDA-BBFF-494D-939F-F1B0C6AC90D9}.Release|Any CPU.ActiveCfg = Release|Any CPU
		{DDDA9CDA-BBFF-494D-939F-F1B0C6AC90D9}.Release|Any CPU.Build.0 = Release|Any CPU
		{F25FBFCA-F88B-4662-80D6-582ECB3F63D4}.Debug|Any CPU.ActiveCfg = Debug|Any CPU
		{F25FBFCA-F88B-4662-80D6-582ECB3F63D4}.Debug|Any CPU.Build.0 = Debug|Any CPU
		{F25FBFCA-F88B-4662-80D6-582ECB3F63D4}.Release|Any CPU.ActiveCfg = Release|Any CPU
		{F25FBFCA-F88B-4662-80D6-582ECB3F63D4}.Release|Any CPU.Build.0 = Release|Any CPU
		{A7703D37-71C0-4DEC-96B3-E668927740C8}.Debug|Any CPU.ActiveCfg = Debug|Any CPU
		{A7703D37-71C0-4DEC-96B3-E668927740C8}.Debug|Any CPU.Build.0 = Debug|Any CPU
		{A7703D37-71C0-4DEC-96B3-E668927740C8}.Release|Any CPU.ActiveCfg = Release|Any CPU
		{A7703D37-71C0-4DEC-96B3-E668927740C8}.Release|Any CPU.Build.0 = Release|Any CPU
		{D145449C-EBC9-4DBF-BC56-49B6B385FC59}.Debug|Any CPU.ActiveCfg = Debug|Any CPU
		{D145449C-EBC9-4DBF-BC56-49B6B385FC59}.Debug|Any CPU.Build.0 = Debug|Any CPU
		{D145449C-EBC9-4DBF-BC56-49B6B385FC59}.Release|Any CPU.ActiveCfg = Release|Any CPU
		{D145449C-EBC9-4DBF-BC56-49B6B385FC59}.Release|Any CPU.Build.0 = Release|Any CPU
		{2DA15C67-FE8F-44A4-8EFF-8AFF919CC438}.Debug|Any CPU.ActiveCfg = Debug|Any CPU
		{2DA15C67-FE8F-44A4-8EFF-8AFF919CC438}.Debug|Any CPU.Build.0 = Debug|Any CPU
		{2DA15C67-FE8F-44A4-8EFF-8AFF919CC438}.Release|Any CPU.ActiveCfg = Release|Any CPU
		{2DA15C67-FE8F-44A4-8EFF-8AFF919CC438}.Release|Any CPU.Build.0 = Release|Any CPU
		{08A1331E-CF60-4605-A900-39D86645B92C}.Debug|Any CPU.ActiveCfg = Debug|Any CPU
		{08A1331E-CF60-4605-A900-39D86645B92C}.Debug|Any CPU.Build.0 = Debug|Any CPU
		{08A1331E-CF60-4605-A900-39D86645B92C}.Release|Any CPU.ActiveCfg = Release|Any CPU
		{08A1331E-CF60-4605-A900-39D86645B92C}.Release|Any CPU.Build.0 = Release|Any CPU
		{2BFE75E4-C22B-43E8-8200-787909DD7185}.Debug|Any CPU.ActiveCfg = Debug|Any CPU
		{2BFE75E4-C22B-43E8-8200-787909DD7185}.Debug|Any CPU.Build.0 = Debug|Any CPU
		{2BFE75E4-C22B-43E8-8200-787909DD7185}.Release|Any CPU.ActiveCfg = Release|Any CPU
		{2BFE75E4-C22B-43E8-8200-787909DD7185}.Release|Any CPU.Build.0 = Release|Any CPU
		{363633C4-9047-48ED-AABB-25823016BFF9}.Debug|Any CPU.ActiveCfg = Debug|Any CPU
		{363633C4-9047-48ED-AABB-25823016BFF9}.Debug|Any CPU.Build.0 = Debug|Any CPU
		{363633C4-9047-48ED-AABB-25823016BFF9}.Release|Any CPU.ActiveCfg = Release|Any CPU
		{363633C4-9047-48ED-AABB-25823016BFF9}.Release|Any CPU.Build.0 = Release|Any CPU
		{7D03E940-9440-4DED-AEDE-5A461D570530}.Debug|Any CPU.ActiveCfg = Debug|Any CPU
		{7D03E940-9440-4DED-AEDE-5A461D570530}.Debug|Any CPU.Build.0 = Debug|Any CPU
		{7D03E940-9440-4DED-AEDE-5A461D570530}.Release|Any CPU.ActiveCfg = Release|Any CPU
		{7D03E940-9440-4DED-AEDE-5A461D570530}.Release|Any CPU.Build.0 = Release|Any CPU
		{D0EAE42B-9823-4ACD-9081-CC36F9FAACB7}.Debug|Any CPU.ActiveCfg = Debug|Any CPU
		{D0EAE42B-9823-4ACD-9081-CC36F9FAACB7}.Debug|Any CPU.Build.0 = Debug|Any CPU
		{D0EAE42B-9823-4ACD-9081-CC36F9FAACB7}.Release|Any CPU.ActiveCfg = Release|Any CPU
		{D0EAE42B-9823-4ACD-9081-CC36F9FAACB7}.Release|Any CPU.Build.0 = Release|Any CPU
		{BDE69A95-5A12-4886-AED4-11943DECA0FC}.Debug|Any CPU.ActiveCfg = Debug|Any CPU
		{BDE69A95-5A12-4886-AED4-11943DECA0FC}.Debug|Any CPU.Build.0 = Debug|Any CPU
		{BDE69A95-5A12-4886-AED4-11943DECA0FC}.Release|Any CPU.ActiveCfg = Release|Any CPU
		{BDE69A95-5A12-4886-AED4-11943DECA0FC}.Release|Any CPU.Build.0 = Release|Any CPU
		{6CAD9AAA-63D7-42ED-945A-C30E5E873B3C}.Debug|Any CPU.ActiveCfg = Debug|Any CPU
		{6CAD9AAA-63D7-42ED-945A-C30E5E873B3C}.Debug|Any CPU.Build.0 = Debug|Any CPU
		{6CAD9AAA-63D7-42ED-945A-C30E5E873B3C}.Release|Any CPU.ActiveCfg = Release|Any CPU
		{6CAD9AAA-63D7-42ED-945A-C30E5E873B3C}.Release|Any CPU.Build.0 = Release|Any CPU
		{4B34A479-05C1-44A7-9F90-34413821AD41}.Debug|Any CPU.ActiveCfg = Debug|Any CPU
		{4B34A479-05C1-44A7-9F90-34413821AD41}.Debug|Any CPU.Build.0 = Debug|Any CPU
		{4B34A479-05C1-44A7-9F90-34413821AD41}.Release|Any CPU.ActiveCfg = Release|Any CPU
		{4B34A479-05C1-44A7-9F90-34413821AD41}.Release|Any CPU.Build.0 = Release|Any CPU
	EndGlobalSection
	GlobalSection(SolutionProperties) = preSolution
		HideSolutionNode = FALSE
	EndGlobalSection
	GlobalSection(NestedProjects) = preSolution
		{17B1409E-86BA-4577-81AD-0777ED3D7C5F} = {D4356BAF-BF20-4865-A523-3685E25FF07A}
		{CA6AC574-EFB2-4EBA-9906-4B627A5CC901} = {17B1409E-86BA-4577-81AD-0777ED3D7C5F}
		{62E4D153-015E-44EA-A12F-7E389EDD19D1} = {D4356BAF-BF20-4865-A523-3685E25FF07A}
		{9458C965-2897-4C4A-9CEE-A59C0C4F8F81} = {62E4D153-015E-44EA-A12F-7E389EDD19D1}
		{68CF9948-8C53-408B-9CA6-BB56D25BB035} = {D4356BAF-BF20-4865-A523-3685E25FF07A}
		{55713966-8F0D-483B-8D1C-5D729498AFD3} = {68CF9948-8C53-408B-9CA6-BB56D25BB035}
		{3C31829A-2518-41C8-A68F-88451DCC2DBC} = {62E4D153-015E-44EA-A12F-7E389EDD19D1}
		{455418B3-9755-40B4-AF26-686205D9792B} = {68CF9948-8C53-408B-9CA6-BB56D25BB035}
		{E80C0363-6A00-4C82-AB4F-C887AEB443BB} = {04401F06-FBFD-473C-B528-38ECAD27D496}
		{7FF2AAD4-1FE0-443B-9E72-21E5BF0F1F0A} = {E80C0363-6A00-4C82-AB4F-C887AEB443BB}
		{05027A80-FB45-42A0-87DD-2D974EB805C7} = {04401F06-FBFD-473C-B528-38ECAD27D496}
		{5AF35674-BF7F-4A03-A18F-D1C56123D0F0} = {05027A80-FB45-42A0-87DD-2D974EB805C7}
		{3CC6599A-3F46-4EC2-ABA1-45509487B082} = {04401F06-FBFD-473C-B528-38ECAD27D496}
		{D097480F-3123-4EDF-8C64-7E38D94E7334} = {3CC6599A-3F46-4EC2-ABA1-45509487B082}
		{DDDA9CDA-BBFF-494D-939F-F1B0C6AC90D9} = {05027A80-FB45-42A0-87DD-2D974EB805C7}
		{F25FBFCA-F88B-4662-80D6-582ECB3F63D4} = {3CC6599A-3F46-4EC2-ABA1-45509487B082}
		{2F56BEFA-E72B-4F76-90D3-1021289FA942} = {C76EFBCE-C6D8-4D2A-B53F-566A41176048}
		{A7703D37-71C0-4DEC-96B3-E668927740C8} = {2F56BEFA-E72B-4F76-90D3-1021289FA942}
		{64BDDB4B-72E0-4174-AA6A-5ABB90D33712} = {C76EFBCE-C6D8-4D2A-B53F-566A41176048}
		{D145449C-EBC9-4DBF-BC56-49B6B385FC59} = {64BDDB4B-72E0-4174-AA6A-5ABB90D33712}
		{40281A4F-8F62-4B04-B72E-7164CAE0398F} = {C76EFBCE-C6D8-4D2A-B53F-566A41176048}
		{2DA15C67-FE8F-44A4-8EFF-8AFF919CC438} = {40281A4F-8F62-4B04-B72E-7164CAE0398F}
		{08A1331E-CF60-4605-A900-39D86645B92C} = {64BDDB4B-72E0-4174-AA6A-5ABB90D33712}
		{2BFE75E4-C22B-43E8-8200-787909DD7185} = {40281A4F-8F62-4B04-B72E-7164CAE0398F}
		{5A0D934D-9ACF-4B6F-B930-6E0B0AFC3B9D} = {BC5701E8-87CA-49A7-809F-5FA713692CBF}
		{363633C4-9047-48ED-AABB-25823016BFF9} = {5A0D934D-9ACF-4B6F-B930-6E0B0AFC3B9D}
		{E528E673-B694-46C2-AA76-72BE22462B98} = {BC5701E8-87CA-49A7-809F-5FA713692CBF}
		{7D03E940-9440-4DED-AEDE-5A461D570530} = {E528E673-B694-46C2-AA76-72BE22462B98}
		{E847DAAF-A52F-4CB7-B0B3-5817DB09BDD5} = {BC5701E8-87CA-49A7-809F-5FA713692CBF}
		{D0EAE42B-9823-4ACD-9081-CC36F9FAACB7} = {E847DAAF-A52F-4CB7-B0B3-5817DB09BDD5}
		{BDE69A95-5A12-4886-AED4-11943DECA0FC} = {E528E673-B694-46C2-AA76-72BE22462B98}
		{6CAD9AAA-63D7-42ED-945A-C30E5E873B3C} = {E847DAAF-A52F-4CB7-B0B3-5817DB09BDD5}
	EndGlobalSection
	GlobalSection(ExtensibilityGlobals) = postSolution
		SolutionGuid = {79C6E369-1630-4A81-856B-6596ABD22051}
	EndGlobalSection
EndGlobal
